<?xml version="1.0" encoding="utf-8"?>
<Project ToolsVersion="4.0" xmlns="http://schemas.microsoft.com/developer/msbuild/2003">
  <ItemGroup>
    <Filter Include="win32">
      <UniqueIdentifier>{84a8ebd7-7cf0-47f6-b75e-d441df67da40}</UniqueIdentifier>
    </Filter>
    <Filter Include="resource">
      <UniqueIdentifier>{715254bc-d70b-4ec5-bf29-467dd3ace079}</UniqueIdentifier>
    </Filter>
    <Filter Include="src">
      <UniqueIdentifier>{bb6c862e-70e9-49d9-81b7-3829a6f50471}</UniqueIdentifier>
    </Filter>
    <Filter Include="src\JNative">
      <UniqueIdentifier>{4cea3d38-fa84-4678-ad62-50c118ac6a1a}</UniqueIdentifier>
    </Filter>
  </ItemGroup>
  <ItemGroup>
    <ClCompile Include="main.cpp">
      <Filter>win32</Filter>
    </ClCompile>
    <ClCompile Include="..\Classes\AllRobot.cpp">
      <Filter>src</Filter>
    </ClCompile>
    <ClCompile Include="..\Classes\AppDelegate.cpp">
      <Filter>src</Filter>
    </ClCompile>
    <ClCompile Include="..\Classes\BiBei.cpp">
      <Filter>src</Filter>
    </ClCompile>
    <ClCompile Include="..\Classes\Bullet.cpp">
      <Filter>src</Filter>
    </ClCompile>
    <ClCompile Include="..\Classes\Cannon.cpp">
      <Filter>src</Filter>
    </ClCompile>
    <ClCompile Include="..\Classes\CannonLayer.cpp">
      <Filter>src</Filter>
    </ClCompile>
    <ClCompile Include="..\Classes\CannonUpgrade.cpp">
      <Filter>src</Filter>
    </ClCompile>
    <ClCompile Include="..\Classes\ChallengeBOSS.cpp">
      <Filter>src</Filter>
    </ClCompile>
    <ClCompile Include="..\Classes\CoinAndAni.cpp">
      <Filter>src</Filter>
    </ClCompile>
    <ClCompile Include="..\Classes\DialogText.cpp">
      <Filter>src</Filter>
    </ClCompile>
    <ClCompile Include="..\Classes\Fish.cpp">
      <Filter>src</Filter>
    </ClCompile>
    <ClCompile Include="..\Classes\FishAnimate.cpp">
      <Filter>src</Filter>
    </ClCompile>
    <ClCompile Include="..\Classes\FishBaiKe.cpp">
      <Filter>src</Filter>
    </ClCompile>
    <ClCompile Include="..\Classes\FishGroup.cpp">
      <Filter>src</Filter>
    </ClCompile>
    <ClCompile Include="..\Classes\FishingNet.cpp">
      <Filter>src</Filter>
    </ClCompile>
    <ClCompile Include="..\Classes\FishLayer.cpp">
      <Filter>src</Filter>
    </ClCompile>
    <ClCompile Include="..\Classes\FishLineup.cpp">
      <Filter>src</Filter>
    </ClCompile>
    <ClCompile Include="..\Classes\FishRandSwatch.cpp">
      <Filter>src</Filter>
    </ClCompile>
    <ClCompile Include="..\Classes\FishScript.cpp">
      <Filter>src</Filter>
    </ClCompile>
    <ClCompile Include="..\Classes\FishTrack.cpp">
      <Filter>src</Filter>
    </ClCompile>
    <ClCompile Include="..\Classes\Game_Hall_Kefu1.cpp">
      <Filter>src</Filter>
    </ClCompile>
    <ClCompile Include="..\Classes\GameBegin.cpp">
      <Filter>src</Filter>
    </ClCompile>
    <ClCompile Include="..\Classes\GameData.cpp">
      <Filter>src</Filter>
    </ClCompile>
    <ClCompile Include="..\Classes\GameEmail.cpp">
      <Filter>src</Filter>
    </ClCompile>
    <ClCompile Include="..\Classes\GameHallLayer.cpp">
      <Filter>src</Filter>
    </ClCompile>
    <ClCompile Include="..\Classes\GameHelp.cpp">
      <Filter>src</Filter>
    </ClCompile>
    <ClCompile Include="..\Classes\GameScene.cpp">
      <Filter>src</Filter>
    </ClCompile>
    <ClCompile Include="..\Classes\GameSet.cpp">
      <Filter>src</Filter>
    </ClCompile>
    <ClCompile Include="..\Classes\GameTextIn.cpp">
      <Filter>src</Filter>
    </ClCompile>
    <ClCompile Include="..\Classes\Gonggao.cpp">
      <Filter>src</Filter>
    </ClCompile>
    <ClCompile Include="..\Classes\Gongxi.cpp">
      <Filter>src</Filter>
    </ClCompile>
    <ClCompile Include="..\Classes\HongBao.cpp">
      <Filter>src</Filter>
    </ClCompile>
    <ClCompile Include="..\Classes\InitPlayer.cpp">
      <Filter>src</Filter>
    </ClCompile>
    <ClCompile Include="..\Classes\LoadRes.cpp">
      <Filter>src</Filter>
    </ClCompile>
    <ClCompile Include="..\Classes\LoginReward.cpp">
      <Filter>src</Filter>
    </ClCompile>
    <ClCompile Include="..\Classes\LogoLayer.cpp">
      <Filter>src</Filter>
    </ClCompile>
    <ClCompile Include="..\Classes\LvUp.cpp">
      <Filter>src</Filter>
    </ClCompile>
    <ClCompile Include="..\Classes\MatchPlayer.cpp">
      <Filter>src</Filter>
    </ClCompile>
    <ClCompile Include="..\Classes\Mission.cpp">
      <Filter>src</Filter>
    </ClCompile>
    <ClCompile Include="..\Classes\MissionSuc.cpp">
      <Filter>src</Filter>
    </ClCompile>
    <ClCompile Include="..\Classes\OnlineReward.cpp">
      <Filter>src</Filter>
    </ClCompile>
    <ClCompile Include="..\Classes\Shark.cpp">
      <Filter>src</Filter>
    </ClCompile>
    <ClCompile Include="..\Classes\Shop.cpp">
      <Filter>src</Filter>
    </ClCompile>
    <ClCompile Include="..\Classes\ShopJJ.cpp">
      <Filter>src</Filter>
    </ClCompile>
    <ClCompile Include="..\Classes\smShop.cpp">
      <Filter>src</Filter>
    </ClCompile>
    <ClCompile Include="..\Classes\sqlite3.c">
      <Filter>src</Filter>
    </ClCompile>
    <ClCompile Include="..\Classes\StaticData.cpp">
      <Filter>src</Filter>
    </ClCompile>
    <ClCompile Include="..\Classes\TcpClientSocket.cpp">
      <Filter>src</Filter>
    </ClCompile>
    <ClCompile Include="..\Classes\TiShi.cpp">
      <Filter>src</Filter>
    </ClCompile>
    <ClCompile Include="..\Classes\UIWebViewTest.cpp">
      <Filter>src</Filter>
    </ClCompile>
    <ClCompile Include="..\Classes\UnLockLayer.cpp">
      <Filter>src</Filter>
    </ClCompile>
    <ClCompile Include="..\Classes\VIPgongxi.cpp">
      <Filter>src</Filter>
    </ClCompile>
    <ClCompile Include="..\Classes\Waiting.cpp">
      <Filter>src</Filter>
    </ClCompile>
    <ClCompile Include="..\Classes\Weapon.cpp">
      <Filter>src</Filter>
    </ClCompile>
    <ClCompile Include="..\Classes\ZuanPan.cpp">
      <Filter>src</Filter>
    </ClCompile>
    <ClCompile Include="..\Classes\JNative\JNativeToCPlusPlusUtil.cpp">
      <Filter>src\JNative</Filter>
    </ClCompile>
    <ClCompile Include="..\Classes\JNative\JNativeToJavaUtil.cpp">
      <Filter>src\JNative</Filter>
    </ClCompile>
  </ItemGroup>
  <ItemGroup>
    <ClInclude Include="main.h">
      <Filter>win32</Filter>
    </ClInclude>
    <ClInclude Include="..\Classes\AllRobot.h">
      <Filter>src</Filter>
    </ClInclude>
    <ClInclude Include="..\Classes\AppDelegate.h">
      <Filter>src</Filter>
    </ClInclude>
    <ClInclude Include="..\Classes\BiBei.h">
      <Filter>src</Filter>
    </ClInclude>
    <ClInclude Include="..\Classes\Bullet.h">
      <Filter>src</Filter>
    </ClInclude>
    <ClInclude Include="..\Classes\Cannon.h">
      <Filter>src</Filter>
    </ClInclude>
    <ClInclude Include="..\Classes\CannonLayer.h">
      <Filter>src</Filter>
    </ClInclude>
    <ClInclude Include="..\Classes\CannonUpgrade.h">
      <Filter>src</Filter>
    </ClInclude>
    <ClInclude Include="..\Classes\ChallengeBOSS.h">
      <Filter>src</Filter>
    </ClInclude>
    <ClInclude Include="..\Classes\CoinAndAni.h">
      <Filter>src</Filter>
    </ClInclude>
    <ClInclude Include="..\Classes\DialogText.h">
      <Filter>src</Filter>
    </ClInclude>
    <ClInclude Include="..\Classes\Fish.h">
      <Filter>src</Filter>
    </ClInclude>
    <ClInclude Include="..\Classes\FishAnimate.h">
      <Filter>src</Filter>
    </ClInclude>
    <ClInclude Include="..\Classes\FishBaiKe.h">
      <Filter>src</Filter>
    </ClInclude>
    <ClInclude Include="..\Classes\FishGroup.h">
      <Filter>src</Filter>
    </ClInclude>
    <ClInclude Include="..\Classes\FishingNet.h">
      <Filter>src</Filter>
    </ClInclude>
    <ClInclude Include="..\Classes\FishLayer.h">
      <Filter>src</Filter>
    </ClInclude>
    <ClInclude Include="..\Classes\FishLineup.h">
      <Filter>src</Filter>
    </ClInclude>
    <ClInclude Include="..\Classes\FishRandSwatch.h">
      <Filter>src</Filter>
    </ClInclude>
    <ClInclude Include="..\Classes\FishScript.h">
      <Filter>src</Filter>
    </ClInclude>
    <ClInclude Include="..\Classes\FishTrack.h">
      <Filter>src</Filter>
    </ClInclude>
    <ClInclude Include="..\Classes\Game_Hall_Kefu1.h">
      <Filter>src</Filter>
    </ClInclude>
    <ClInclude Include="..\Classes\GameBegin.h">
      <Filter>src</Filter>
    </ClInclude>
    <ClInclude Include="..\Classes\GameData.h">
      <Filter>src</Filter>
    </ClInclude>
    <ClInclude Include="..\Classes\GameEmail.h">
      <Filter>src</Filter>
    </ClInclude>
    <ClInclude Include="..\Classes\GameHallLayer.h">
      <Filter>src</Filter>
    </ClInclude>
    <ClInclude Include="..\Classes\GameHelp.h">
      <Filter>src</Filter>
    </ClInclude>
    <ClInclude Include="..\Classes\GameScene.h">
      <Filter>src</Filter>
    </ClInclude>
    <ClInclude Include="..\Classes\GameSet.h">
      <Filter>src</Filter>
    </ClInclude>
    <ClInclude Include="..\Classes\GameTextIn.h">
      <Filter>src</Filter>
    </ClInclude>
    <ClInclude Include="..\Classes\Gonggao.h">
      <Filter>src</Filter>
    </ClInclude>
    <ClInclude Include="..\Classes\Gongxi.h">
      <Filter>src</Filter>
    </ClInclude>
    <ClInclude Include="..\Classes\HongBao.h">
      <Filter>src</Filter>
    </ClInclude>
    <ClInclude Include="..\Classes\InitPlayer.h">
      <Filter>src</Filter>
    </ClInclude>
    <ClInclude Include="..\Classes\LoadRes.h">
      <Filter>src</Filter>
    </ClInclude>
    <ClInclude Include="..\Classes\LoginReward.h">
      <Filter>src</Filter>
    </ClInclude>
    <ClInclude Include="..\Classes\LogoLayer.h">
      <Filter>src</Filter>
    </ClInclude>
    <ClInclude Include="..\Classes\LvUp.h">
      <Filter>src</Filter>
    </ClInclude>
    <ClInclude Include="..\Classes\MatchPlayer.h">
      <Filter>src</Filter>
    </ClInclude>
    <ClInclude Include="..\Classes\Mission.h">
      <Filter>src</Filter>
    </ClInclude>
    <ClInclude Include="..\Classes\MissionSuc.h">
      <Filter>src</Filter>
    </ClInclude>
    <ClInclude Include="..\Classes\OnlineReward.h">
      <Filter>src</Filter>
    </ClInclude>
    <ClInclude Include="..\Classes\Shark.h">
      <Filter>src</Filter>
    </ClInclude>
    <ClInclude Include="..\Classes\Shop.h">
      <Filter>src</Filter>
    </ClInclude>
    <ClInclude Include="..\Classes\ShopJJ.h">
      <Filter>src</Filter>
    </ClInclude>
    <ClInclude Include="..\Classes\smShop.h">
      <Filter>src</Filter>
    </ClInclude>
    <ClInclude Include="..\Classes\sqlite3.h">
      <Filter>src</Filter>
    </ClInclude>
    <ClInclude Include="..\Classes\StaticData.h">
      <Filter>src</Filter>
    </ClInclude>
    <ClInclude Include="..\Classes\TcpClientSocket.h">
      <Filter>src</Filter>
    </ClInclude>
    <ClInclude Include="..\Classes\TiShi.h">
      <Filter>src</Filter>
    </ClInclude>
    <ClInclude Include="..\Classes\UIWebViewTest.h">
      <Filter>src</Filter>
    </ClInclude>
    <ClInclude Include="..\Classes\UnLockLayer.h">
      <Filter>src</Filter>
    </ClInclude>
    <ClInclude Include="..\Classes\VIPgongxi.h">
      <Filter>src</Filter>
    </ClInclude>
    <ClInclude Include="..\Classes\Waiting.h">
      <Filter>src</Filter>
    </ClInclude>
    <ClInclude Include="..\Classes\Weapon.h">
      <Filter>src</Filter>
    </ClInclude>
    <ClInclude Include="..\Classes\ZuanPan.h">
      <Filter>src</Filter>
    </ClInclude>
    <ClInclude Include="..\Classes\JNative\JNativeToCPlusPlusUtil.h">
      <Filter>src\JNative</Filter>
    </ClInclude>
    <ClInclude Include="..\Classes\JNative\JNativeToJavaUtil.h">
      <Filter>src\JNative</Filter>
    </ClInclude>
  </ItemGroup>
  <ItemGroup>
    <ResourceCompile Include="game.rc">
      <Filter>resource</Filter>
    </ResourceCompile>
  </ItemGroup>
</Project>